github.com/gorilla/websocket v1.5.3 h1:saDtZ6Pbx/0u+bgYQ3q96pZgCzfhKXGPqt7kZ72aNNg=
github.com/gorilla/websocket v1.5.3/go.mod h1:YR8l580nyteQvAITg2hZ9XVh4b55+EU/adAjf1fMHhE=
github.com/ronGeva/go_apps/b_tree v0.0.0-20241021062413-35ed7065840e h1:aRivqw2OkzuhGN/NuSXDZ2NEIhAY6OokiH0hFaiqP34=
github.com/ronGeva/go_apps/b_tree v0.0.0-20241021062413-35ed7065840e/go.mod h1:lB9CIRIqov4I3KVdhxNeJ1yeFLm5sQSewPSpDkRvY9w=
github.com/ronGeva/go_apps/go_db v0.0.0-20241024085153-947f7fb6d497 h1:0tgZ+zd7qCls9vpOHdBT9b2Wxur+P4nTdjVPzyJIvtY=
github.com/ronGeva/go_apps/go_db v0.0.0-20241024085153-947f7fb6d497/go.mod h1:t1V3Y+3dNit5MMrmq+D54ToC6XoxlXGHVriUtTLANk4=
